{
  "name": "server",
  "version": "1.0.0",
  "lockfileVersion": 1,
  "requires": true,
  "dependencies": {
    "@types/mongoose": {
      "version": "5.11.97",
      "resolved": "http://registry.npm.release.ctripcorp.com/@types/mongoose/download/@types/mongoose-5.11.97.tgz",
      "integrity": "sha1-gLA1fz3mgH61lyYvUuScPhPuFNg=",
      "requires": {
        "mongoose": "*"
      }
    },
    "@types/node": {
      "version": "18.6.4",
      "resolved": "http://registry.npm.release.ctripcorp.com/@types/node/download/@types/node-18.6.4.tgz",
      "integrity": "sha1-/SZyOoo/j0ZymBKn+bT8LRYI7Tk="
    },
    "@types/webidl-conversions": {
      "version": "6.1.1",
      "resolved": "http://registry.npm.release.ctripcorp.com/@types/webidl-conversions/download/@types/webidl-conversions-6.1.1.tgz",
      "integrity": "sha1-4zvI6oEqAfY/kEgcZmM0hEsSoJ4="
    },
    "@types/whatwg-url": {
      "version": "8.2.2",
      "resolved": "http://registry.npm.release.ctripcorp.com/@types/whatwg-url/download/@types/whatwg-url-8.2.2.tgz",
      "integrity": "sha1-dJ1bOHPoRYl62pm+REgEHUzDnmM=",
      "requires": {
        "@types/node": "*",
        "@types/webidl-conversions": "*"
      }
    },
    "base64-js": {
      "version": "1.5.1",
      "resolved": "http://registry.npm.release.ctripcorp.com/base64-js/download/base64-js-1.5.1.tgz",
      "integrity": "sha1-GxtEAWClv3rUC2UPCVljSBkDkwo="
    },
    "bson": {
      "version": "4.6.5",
      "resolved": "http://registry.npm.release.ctripcorp.com/bson/download/bson-4.6.5.tgz",
      "integrity": "sha1-GkEBSMIO705A1ISHigN6cDboQPs=",
      "requires": {
        "buffer": "^5.6.0"
      }
    },
    "buffer": {
      "version": "5.7.1",
      "resolved": "http://registry.npm.release.ctripcorp.com/buffer/download/buffer-5.7.1.tgz",
      "integrity": "sha1-umLnwTEzBTWCGXFghRqPZI6Z7tA=",
      "requires": {
        "base64-js": "^1.3.1",
        "ieee754": "^1.1.13"
      }
    },
    "class-transformer": {
      "version": "0.5.1",
      "resolved": "http://registry.npm.release.ctripcorp.com/class-transformer/download/class-transformer-0.5.1.tgz",
      "integrity": "sha1-JBR9Xf/Sps6pMKMlCmd63flqszY="
    },
    "class-validator": {
      "version": "0.13.2",
      "resolved": "http://registry.npm.release.ctripcorp.com/class-validator/download/class-validator-0.13.2.tgz",
      "integrity": "sha1-ZLAx6fP4Gh4dzQSl1gRzRgiyQUM=",
      "requires": {
        "libphonenumber-js": "^1.9.43",
        "validator": "^13.7.0"
      }
    },
    "debug": {
      "version": "4.3.4",
      "resolved": "http://registry.npm.release.ctripcorp.com/debug/download/debug-4.3.4.tgz",
      "integrity": "sha1-Exn2V5NX8jONMzfSzdSRS7XcyGU=",
      "requires": {
        "ms": "2.1.2"
      },
      "dependencies": {
        "ms": {
          "version": "2.1.2",
          "resolved": "http://registry.npm.release.ctripcorp.com/ms/download/ms-2.1.2.tgz",
          "integrity": "sha1-0J0fNXtEP0kzgqjrPM0YOHKuYAk="
        }
      }
    },
    "denque": {
      "version": "2.1.0",
      "resolved": "http://registry.npm.release.ctripcorp.com/denque/download/denque-2.1.0.tgz",
      "integrity": "sha1-6T4aZWn7XmbxajwqKWRhfTSdarE="
    },
    "ieee754": {
      "version": "1.2.1",
      "resolved": "http://registry.npm.release.ctripcorp.com/ieee754/download/ieee754-1.2.1.tgz",
      "integrity": "sha1-jrehCmP/8l0VpXsAFYbRd9Gw01I="
    },
    "ip": {
      "version": "2.0.0",
      "resolved": "http://registry.npm.release.ctripcorp.com/ip/download/ip-2.0.0.tgz",
      "integrity": "sha1-TPSrGC/uIxTHXt4SdvjIC0eZNto="
    },
    "kareem": {
      "version": "2.4.1",
      "resolved": "http://registry.npm.release.ctripcorp.com/kareem/download/kareem-2.4.1.tgz",
      "integrity": "sha1-fYHsUYIEpIwcsWVUrxJoBsPNgrA="
    },
    "libphonenumber-js": {
      "version": "1.10.10",
      "resolved": "http://registry.npm.release.ctripcorp.com/libphonenumber-js/download/libphonenumber-js-1.10.10.tgz",
      "integrity": "sha1-WbJhijoJgQjS34mXU5EFqrrkayE="
    },
    "memory-pager": {
      "version": "1.5.0",
      "resolved": "http://registry.npm.release.ctripcorp.com/memory-pager/download/memory-pager-1.5.0.tgz",
      "integrity": "sha1-2HUWVdItOEaCdByXLyw9bfo+ZrU=",
      "optional": true
    },
    "mongodb": {
      "version": "4.7.0",
      "resolved": "http://registry.npm.release.ctripcorp.com/mongodb/download/mongodb-4.7.0.tgz",
      "integrity": "sha1-mfcyMnHZNlkGdpW2DntO/uLem/A=",
      "requires": {
        "bson": "^4.6.3",
        "denque": "^2.0.1",
        "mongodb-connection-string-url": "^2.5.2",
        "saslprep": "^1.0.3",
        "socks": "^2.6.2"
      }
    },
    "mongodb-connection-string-url": {
      "version": "2.5.3",
      "resolved": "http://registry.npm.release.ctripcorp.com/mongodb-connection-string-url/download/mongodb-connection-string-url-2.5.3.tgz",
      "integrity": "sha1-wMVytxVw5YvivVKzPf/RMwz7aZA=",
      "requires": {
        "@types/whatwg-url": "^8.2.1",
        "whatwg-url": "^11.0.0"
      }
    },
    "mongoose": {
      "version": "6.4.6",
      "resolved": "http://registry.npm.release.ctripcorp.com/mongoose/download/mongoose-6.4.6.tgz",
      "integrity": "sha1-V7x65o3larzF6JAoTy0QrKyGOqI=",
      "requires": {
        "bson": "^4.6.2",
        "kareem": "2.4.1",
        "mongodb": "4.7.0",
        "mpath": "0.9.0",
        "mquery": "4.0.3",
        "ms": "2.1.3",
        "sift": "16.0.0"
      }
    },
    "mpath": {
      "version": "0.9.0",
      "resolved": "http://registry.npm.release.ctripcorp.com/mpath/download/mpath-0.9.0.tgz",
      "integrity": "sha1-DBIv4QeEbjH8WMdbCcNVFLOHGQQ="
    },
    "mquery": {
      "version": "4.0.3",
      "resolved": "http://registry.npm.release.ctripcorp.com/mquery/download/mquery-4.0.3.tgz",
      "integrity": "sha1-TRX5OOYkfXc6lCyRLZdIvRll+J0=",
      "requires": {
        "debug": "4.x"
      }
    },
    "ms": {
      "version": "2.1.3",
      "resolved": "http://registry.npm.release.ctripcorp.com/ms/download/ms-2.1.3.tgz",
      "integrity": "sha1-V0yBOM4dK1hh8LRFedut1gxmFbI="
    },
    "punycode": {
      "version": "2.1.1",
      "resolved": "http://registry.npm.release.ctripcorp.com/punycode/download/punycode-2.1.1.tgz",
      "integrity": "sha1-tYsBCsQMIsVldhbI0sLALHv0eew="
    },
    "reflect-metadata": {
      "version": "0.1.13",
      "resolved": "http://registry.npm.release.ctripcorp.com/reflect-metadata/download/reflect-metadata-0.1.13.tgz",
      "integrity": "sha1-Z648pXyXKiqhZCsQ/jY/4y1J3Ag="
    },
    "saslprep": {
      "version": "1.0.3",
      "resolved": "http://registry.npm.release.ctripcorp.com/saslprep/download/saslprep-1.0.3.tgz",
      "integrity": "sha1-TAL5RrVs9UKX40e6EJPnrKxM8iY=",
      "optional": true,
      "requires": {
        "sparse-bitfield": "^3.0.3"
      }
    },
    "sift": {
      "version": "16.0.0",
      "resolved": "http://registry.npm.release.ctripcorp.com/sift/download/sift-16.0.0.tgz",
      "integrity": "sha1-RHmRV322HxqPq3J6ipim21eiPrg="
    },
    "smart-buffer": {
      "version": "4.2.0",
      "resolved": "http://registry.npm.release.ctripcorp.com/smart-buffer/download/smart-buffer-4.2.0.tgz",
      "integrity": "sha1-bh1x+k8YwF99D/IW3RakgdDo2a4="
    },
    "socks": {
      "version": "2.7.0",
      "resolved": "http://registry.npm.release.ctripcorp.com/socks/download/socks-2.7.0.tgz",
      "integrity": "sha1-+SJazbhB6HTcol+HDpEwmQ85E9A=",
      "requires": {
        "ip": "^2.0.0",
        "smart-buffer": "^4.2.0"
      }
    },
    "sparse-bitfield": {
      "version": "3.0.3",
      "resolved": "http://registry.npm.release.ctripcorp.com/sparse-bitfield/download/sparse-bitfield-3.0.3.tgz",
      "integrity": "sha1-/0rm5oZWBWuks+eSqzM004JzyhE=",
      "optional": true,
      "requires": {
        "memory-pager": "^1.0.2"
      }
    },
    "tr46": {
      "version": "3.0.0",
      "resolved": "http://registry.npm.release.ctripcorp.com/tr46/download/tr46-3.0.0.tgz",
      "integrity": "sha1-VVxOKXqVBhfo7t3vYzyH1NnWy/k=",
      "requires": {
        "punycode": "^2.1.1"
      }
    },
    "validator": {
      "version": "13.7.0",
      "resolved": "http://registry.npm.release.ctripcorp.com/validator/download/validator-13.7.0.tgz",
      "integrity": "sha1-T5ZYuhO6jz2C7ogdNRZInqhcCFc="
    },
    "webidl-conversions": {
      "version": "7.0.0",
      "resolved": "http://registry.npm.release.ctripcorp.com/webidl-conversions/download/webidl-conversions-7.0.0.tgz",
      "integrity": "sha1-JWtOGIK+feu/AdBfCqIDl3jqCAo="
    },
    "whatwg-url": {
      "version": "11.0.0",
      "resolved": "http://registry.npm.release.ctripcorp.com/whatwg-url/download/whatwg-url-11.0.0.tgz",
      "integrity": "sha1-CoSe67X68hGbkBu3b9eVwoSNQBg=",
      "requires": {
        "tr46": "^3.0.0",
        "webidl-conversions": "^7.0.0"
      }
    }
  }
}
